{
  "name": "@joist/component",
  "version": "1.0.0-alpha.9",
  "lockfileVersion": 1,
  "requires": true,
  "dependencies": {
    "@joist/di": {
      "version": "1.0.0-alpha.9",
      "resolved": "https://registry.npmjs.org/@joist/di/-/di-1.0.0-alpha.9.tgz",
      "integrity": "sha512-5QBwMRrnjd+QXDt2j449IyH82UAMNYCwrP22QxzT3lxsBhxU0wFpLIqm4HrXEqadW/rXJ9k4+fXu5GxyMvoyIA==",
      "dev": true
    }
  }
}
